
Microsoft Visual Studio Solution File, Format Version 12.00
# Visual Studio Version 17
VisualStudioVersion = 17.0.32014.148
MinimumVisualStudioVersion = 10.0.40219.1
Project("{2150E333-8FDC-42A3-9474-1A3956D46DE8}") = "FrontEnd", "FrontEnd", "{167AE520-28EA-4988-B553-62C87CFEECFC}"
EndProject
Project("{2150E333-8FDC-42A3-9474-1A3956D46DE8}") = "Services", "Services", "{A9E2B3FF-CA7D-417F-A013-96B8BF950007}"
EndProject
Project("{9A19103F-16F7-4668-BE54-9A1E7A4F7556}") = "GeekShopping.Web", "GeekShopping.Web\GeekShopping.Web.csproj", "{CE1BE12D-2CE9-4CEB-A22E-223894F1E0A9}"
EndProject
Project("{9A19103F-16F7-4668-BE54-9A1E7A4F7556}") = "GeekShopping.ProductApi", "GeekShopping.ProductApi\GeekShopping.ProductApi.csproj", "{181A07E5-082A-41F1-AD45-86BB4D695898}"
EndProject
Project("{2150E333-8FDC-42A3-9474-1A3956D46DE8}") = "Solution Items", "Solution Items", "{644B39DD-F35A-4811-9263-DE7EA161A2FD}"
	ProjectSection(SolutionItems) = preProject
		.editorconfig = .editorconfig
	EndProjectSection
EndProject
Project("{FAE04EC0-301F-11D3-BF4B-00C04F79EFBC}") = "GeekShopping.IdentityServer", "GeekShopping.IdentityServer\GeekShopping.IdentityServer.csproj", "{072EF451-D2FF-4AE4-BD86-6B3DE9E8328C}"
EndProject
Global
	GlobalSection(SolutionConfigurationPlatforms) = preSolution
		Debug|Any CPU = Debug|Any CPU
		Release|Any CPU = Release|Any CPU
	EndGlobalSection
	GlobalSection(ProjectConfigurationPlatforms) = postSolution
		{CE1BE12D-2CE9-4CEB-A22E-223894F1E0A9}.Debug|Any CPU.ActiveCfg = Debug|Any CPU
		{CE1BE12D-2CE9-4CEB-A22E-223894F1E0A9}.Debug|Any CPU.Build.0 = Debug|Any CPU
		{CE1BE12D-2CE9-4CEB-A22E-223894F1E0A9}.Release|Any CPU.ActiveCfg = Release|Any CPU
		{CE1BE12D-2CE9-4CEB-A22E-223894F1E0A9}.Release|Any CPU.Build.0 = Release|Any CPU
		{181A07E5-082A-41F1-AD45-86BB4D695898}.Debug|Any CPU.ActiveCfg = Debug|Any CPU
		{181A07E5-082A-41F1-AD45-86BB4D695898}.Debug|Any CPU.Build.0 = Debug|Any CPU
		{181A07E5-082A-41F1-AD45-86BB4D695898}.Release|Any CPU.ActiveCfg = Release|Any CPU
		{181A07E5-082A-41F1-AD45-86BB4D695898}.Release|Any CPU.Build.0 = Release|Any CPU
		{072EF451-D2FF-4AE4-BD86-6B3DE9E8328C}.Debug|Any CPU.ActiveCfg = Debug|Any CPU
		{072EF451-D2FF-4AE4-BD86-6B3DE9E8328C}.Debug|Any CPU.Build.0 = Debug|Any CPU
		{072EF451-D2FF-4AE4-BD86-6B3DE9E8328C}.Release|Any CPU.ActiveCfg = Release|Any CPU
		{072EF451-D2FF-4AE4-BD86-6B3DE9E8328C}.Release|Any CPU.Build.0 = Release|Any CPU
	EndGlobalSection
	GlobalSection(SolutionProperties) = preSolution
		HideSolutionNode = FALSE
	EndGlobalSection
	GlobalSection(NestedProjects) = preSolution
		{CE1BE12D-2CE9-4CEB-A22E-223894F1E0A9} = {167AE520-28EA-4988-B553-62C87CFEECFC}
		{181A07E5-082A-41F1-AD45-86BB4D695898} = {A9E2B3FF-CA7D-417F-A013-96B8BF950007}
		{072EF451-D2FF-4AE4-BD86-6B3DE9E8328C} = {A9E2B3FF-CA7D-417F-A013-96B8BF950007}
	EndGlobalSection
	GlobalSection(ExtensibilityGlobals) = postSolution
		SolutionGuid = {EFF9B897-9A3D-4543-B90C-882778371033}
	EndGlobalSection
EndGlobal
