
Microsoft Visual Studio Solution File, Format Version 12.00
# Visual Studio Version 17
VisualStudioVersion = 17.0.32014.148
MinimumVisualStudioVersion = 10.0.40219.1
Project("{FAE04EC0-301F-11D3-BF4B-00C04F79EFBC}") = "RestWithASPNETUdemy", "RestWithASPNETUdemy\RestWithASPNETUdemy.csproj", "{21B57410-5165-4631-A67F-62B996613645}"
EndProject
Global
	GlobalSection(SolutionConfigurationPlatforms) = preSolution
		Debug|Any CPU = Debug|Any CPU
		Release|Any CPU = Release|Any CPU
	EndGlobalSection
	GlobalSection(ProjectConfigurationPlatforms) = postSolution
		{21B57410-5165-4631-A67F-62B996613645}.Debug|Any CPU.ActiveCfg = Debug|Any CPU
		{21B57410-5165-4631-A67F-62B996613645}.Debug|Any CPU.Build.0 = Debug|Any CPU
		{21B57410-5165-4631-A67F-62B996613645}.Release|Any CPU.ActiveCfg = Release|Any CPU
		{21B57410-5165-4631-A67F-62B996613645}.Release|Any CPU.Build.0 = Release|Any CPU
	EndGlobalSection
	GlobalSection(SolutionProperties) = preSolution
		HideSolutionNode = FALSE
	EndGlobalSection
	GlobalSection(ExtensibilityGlobals) = postSolution
		SolutionGuid = {060C6AA7-7A90-4EFF-B69A-027D47FC45D8}
	EndGlobalSection
EndGlobal
