
Microsoft Visual Studio Solution File, Format Version 12.00
# Visual Studio Version 17
VisualStudioVersion = 17.0.32014.148
MinimumVisualStudioVersion = 10.0.40219.1
Project("{FAE04EC0-301F-11D3-BF4B-00C04F79EFBC}") = "RestWithASPNETUdemy", "RestWithASPNETUdemy\RestWithASPNETUdemy.csproj", "{C3DAC07A-9D39-4826-AF01-D6305298B278}"
EndProject
Global
	GlobalSection(SolutionConfigurationPlatforms) = preSolution
		Debug|Any CPU = Debug|Any CPU
		Release|Any CPU = Release|Any CPU
	EndGlobalSection
	GlobalSection(ProjectConfigurationPlatforms) = postSolution
		{C3DAC07A-9D39-4826-AF01-D6305298B278}.Debug|Any CPU.ActiveCfg = Debug|Any CPU
		{C3DAC07A-9D39-4826-AF01-D6305298B278}.Debug|Any CPU.Build.0 = Debug|Any CPU
		{C3DAC07A-9D39-4826-AF01-D6305298B278}.Release|Any CPU.ActiveCfg = Release|Any CPU
		{C3DAC07A-9D39-4826-AF01-D6305298B278}.Release|Any CPU.Build.0 = Release|Any CPU
	EndGlobalSection
	GlobalSection(SolutionProperties) = preSolution
		HideSolutionNode = FALSE
	EndGlobalSection
	GlobalSection(ExtensibilityGlobals) = postSolution
		SolutionGuid = {B9AA5580-FB02-489F-8B41-1908A51540F4}
	EndGlobalSection
EndGlobal
